{
  "name": "semantic-regex",
  "version": "0.0.1",
  "lockfileVersion": 2,
  "requires": true,
  "packages": {
    "": {
      "name": "semantic-regex",
      "version": "0.0.1",
      "license": "MIT",
      "dependencies": {
        "semantic-regex": "^0.0.1"
      }
    },
    "node_modules/semantic-regex": {
      "version": "0.0.1",
      "resolved": "https://registry.npmjs.org/semantic-regex/-/semantic-regex-0.0.1.tgz",
      "integrity": "sha512-LxLzklth2lk6+BLbV/8zYTIxwk+97BBbWkaBIlNW9TYZgrBy+3649Qw7pSy0MRHvyENJXCJIXe4Ohuw7o3HUuQ=="
    }
  },
  "dependencies": {
    "semantic-regex": {
      "version": "0.0.1",
      "resolved": "https://registry.npmjs.org/semantic-regex/-/semantic-regex-0.0.1.tgz",
      "integrity": "sha512-LxLzklth2lk6+BLbV/8zYTIxwk+97BBbWkaBIlNW9TYZgrBy+3649Qw7pSy0MRHvyENJXCJIXe4Ohuw7o3HUuQ=="
    }
  }
}
